
Microsoft Visual Studio Solution File, Format Version 12.00
# Visual Studio 15
VisualStudioVersion = 15.0.28307.1267
MinimumVisualStudioVersion = 10.0.40219.1
Project("{2150E333-8FDC-42A3-9474-1A3956D46DE8}") = "1. Front", "1. Front", "{F8869AD7-D365-4164-A07D-108B4C593EDB}"
EndProject
Project("{2150E333-8FDC-42A3-9474-1A3956D46DE8}") = "2. Back", "2. Back", "{D79E0E44-6452-4930-BD4F-D60729E93BFB}"
EndProject
Project("{FAE04EC0-301F-11D3-BF4B-00C04F79EFBC}") = "WebApi", "WebApi\WebApi.csproj", "{61345D5A-90CD-4CD7-A256-209A75D16C79}"
EndProject
Project("{FAE04EC0-301F-11D3-BF4B-00C04F79EFBC}") = "MVC", "MVC\MVC.csproj", "{8CB77C72-C959-47E3-BF4B-49DB7C196420}"
EndProject
Global
	GlobalSection(SolutionConfigurationPlatforms) = preSolution
		Debug|Any CPU = Debug|Any CPU
		Release|Any CPU = Release|Any CPU
	EndGlobalSection
	GlobalSection(ProjectConfigurationPlatforms) = postSolution
		{61345D5A-90CD-4CD7-A256-209A75D16C79}.Debug|Any CPU.ActiveCfg = Debug|Any CPU
		{61345D5A-90CD-4CD7-A256-209A75D16C79}.Debug|Any CPU.Build.0 = Debug|Any CPU
		{61345D5A-90CD-4CD7-A256-209A75D16C79}.Release|Any CPU.ActiveCfg = Release|Any CPU
		{61345D5A-90CD-4CD7-A256-209A75D16C79}.Release|Any CPU.Build.0 = Release|Any CPU
		{8CB77C72-C959-47E3-BF4B-49DB7C196420}.Debug|Any CPU.ActiveCfg = Debug|Any CPU
		{8CB77C72-C959-47E3-BF4B-49DB7C196420}.Debug|Any CPU.Build.0 = Debug|Any CPU
		{8CB77C72-C959-47E3-BF4B-49DB7C196420}.Release|Any CPU.ActiveCfg = Release|Any CPU
		{8CB77C72-C959-47E3-BF4B-49DB7C196420}.Release|Any CPU.Build.0 = Release|Any CPU
	EndGlobalSection
	GlobalSection(SolutionProperties) = preSolution
		HideSolutionNode = FALSE
	EndGlobalSection
	GlobalSection(NestedProjects) = preSolution
		{61345D5A-90CD-4CD7-A256-209A75D16C79} = {D79E0E44-6452-4930-BD4F-D60729E93BFB}
		{8CB77C72-C959-47E3-BF4B-49DB7C196420} = {F8869AD7-D365-4164-A07D-108B4C593EDB}
	EndGlobalSection
	GlobalSection(ExtensibilityGlobals) = postSolution
		SolutionGuid = {48882AB9-A08E-49C3-B19A-01AE4B266855}
	EndGlobalSection
EndGlobal
